
Microsoft Visual Studio Solution File, Format Version 12.00
# Visual Studio 15
VisualStudioVersion = 15.0.28307.902
MinimumVisualStudioVersion = 10.0.40219.1
Project("{FAE04EC0-301F-11D3-BF4B-00C04F79EFBC}") = "REMS.UI", "REMS.UI\REMS.UI.csproj", "{7A3F3E02-B566-49E4-8EF6-38A011B2FCE2}"
EndProject
Project("{2150E333-8FDC-42A3-9474-1A3956D46DE8}") = "MT", "MT", "{B3989AC9-5E09-4661-BC02-1EBC893D4496}"
EndProject
Project("{FAE04EC0-301F-11D3-BF4B-00C04F79EFBC}") = "DAL", "DAL\DAL.csproj", "{FDA29C45-FF35-4799-BD70-78088E01221A}"
EndProject
Project("{FAE04EC0-301F-11D3-BF4B-00C04F79EFBC}") = "Translators", "Translators\Translators.csproj", "{ACC94553-11F6-4CA9-BC68-AAEA6C7DAB33}"
EndProject
Project("{FAE04EC0-301F-11D3-BF4B-00C04F79EFBC}") = "Domain", "Domain\Domain.csproj", "{B2BB9671-0217-48BC-A1BB-41B33B08C739}"
EndProject
Project("{FAE04EC0-301F-11D3-BF4B-00C04F79EFBC}") = "Models", "Models\Models.csproj", "{7CEE2C78-12FB-4CDA-9D97-434F49B1A3F7}"
EndProject
Project("{2150E333-8FDC-42A3-9474-1A3956D46DE8}") = "Testing", "Testing", "{E544D203-6B44-44A2-9743-451E8F18F53D}"
EndProject
Project("{FAE04EC0-301F-11D3-BF4B-00C04F79EFBC}") = "REMS.UnitTest", "REMS.UnitTest\REMS.UnitTest.csproj", "{0A664C79-FD57-4FCF-9586-4671BB80D8C3}"
EndProject
Project("{FAE04EC0-301F-11D3-BF4B-00C04F79EFBC}") = "EF.DAL", "EF.DAL\EF.DAL.csproj", "{48A30850-1ECE-40AB-A185-F1F5D3B148DB}"
EndProject
Project("{FAE04EC0-301F-11D3-BF4B-00C04F79EFBC}") = "REMS.Domain", "REMS.Domain\REMS.Domain.csproj", "{D867A138-3190-468A-9C32-FF17003239BA}"
EndProject
Project("{FAE04EC0-301F-11D3-BF4B-00C04F79EFBC}") = "REMS.DAL", "REMS.DAL\REMS.DAL.csproj", "{A921BECF-3FE2-45C6-A271-05C6130B2B32}"
EndProject
Project("{FAE04EC0-301F-11D3-BF4B-00C04F79EFBC}") = "REMS.Services", "REMS.Services\REMS.Services.csproj", "{6FEBC1A1-C5B9-4F4E-802F-2563A8EB1635}"
EndProject
Global
	GlobalSection(SolutionConfigurationPlatforms) = preSolution
		Debug|Any CPU = Debug|Any CPU
		Release|Any CPU = Release|Any CPU
	EndGlobalSection
	GlobalSection(ProjectConfigurationPlatforms) = postSolution
		{7A3F3E02-B566-49E4-8EF6-38A011B2FCE2}.Debug|Any CPU.ActiveCfg = Debug|Any CPU
		{7A3F3E02-B566-49E4-8EF6-38A011B2FCE2}.Debug|Any CPU.Build.0 = Debug|Any CPU
		{7A3F3E02-B566-49E4-8EF6-38A011B2FCE2}.Release|Any CPU.ActiveCfg = Release|Any CPU
		{7A3F3E02-B566-49E4-8EF6-38A011B2FCE2}.Release|Any CPU.Build.0 = Release|Any CPU
		{FDA29C45-FF35-4799-BD70-78088E01221A}.Debug|Any CPU.ActiveCfg = Debug|Any CPU
		{FDA29C45-FF35-4799-BD70-78088E01221A}.Debug|Any CPU.Build.0 = Debug|Any CPU
		{FDA29C45-FF35-4799-BD70-78088E01221A}.Release|Any CPU.ActiveCfg = Release|Any CPU
		{FDA29C45-FF35-4799-BD70-78088E01221A}.Release|Any CPU.Build.0 = Release|Any CPU
		{ACC94553-11F6-4CA9-BC68-AAEA6C7DAB33}.Debug|Any CPU.ActiveCfg = Debug|Any CPU
		{ACC94553-11F6-4CA9-BC68-AAEA6C7DAB33}.Debug|Any CPU.Build.0 = Debug|Any CPU
		{ACC94553-11F6-4CA9-BC68-AAEA6C7DAB33}.Release|Any CPU.ActiveCfg = Release|Any CPU
		{ACC94553-11F6-4CA9-BC68-AAEA6C7DAB33}.Release|Any CPU.Build.0 = Release|Any CPU
		{B2BB9671-0217-48BC-A1BB-41B33B08C739}.Debug|Any CPU.ActiveCfg = Debug|Any CPU
		{B2BB9671-0217-48BC-A1BB-41B33B08C739}.Debug|Any CPU.Build.0 = Debug|Any CPU
		{B2BB9671-0217-48BC-A1BB-41B33B08C739}.Release|Any CPU.ActiveCfg = Release|Any CPU
		{B2BB9671-0217-48BC-A1BB-41B33B08C739}.Release|Any CPU.Build.0 = Release|Any CPU
		{7CEE2C78-12FB-4CDA-9D97-434F49B1A3F7}.Debug|Any CPU.ActiveCfg = Debug|Any CPU
		{7CEE2C78-12FB-4CDA-9D97-434F49B1A3F7}.Debug|Any CPU.Build.0 = Debug|Any CPU
		{7CEE2C78-12FB-4CDA-9D97-434F49B1A3F7}.Release|Any CPU.ActiveCfg = Release|Any CPU
		{7CEE2C78-12FB-4CDA-9D97-434F49B1A3F7}.Release|Any CPU.Build.0 = Release|Any CPU
		{0A664C79-FD57-4FCF-9586-4671BB80D8C3}.Debug|Any CPU.ActiveCfg = Debug|Any CPU
		{0A664C79-FD57-4FCF-9586-4671BB80D8C3}.Debug|Any CPU.Build.0 = Debug|Any CPU
		{0A664C79-FD57-4FCF-9586-4671BB80D8C3}.Release|Any CPU.ActiveCfg = Release|Any CPU
		{0A664C79-FD57-4FCF-9586-4671BB80D8C3}.Release|Any CPU.Build.0 = Release|Any CPU
		{48A30850-1ECE-40AB-A185-F1F5D3B148DB}.Debug|Any CPU.ActiveCfg = Debug|Any CPU
		{48A30850-1ECE-40AB-A185-F1F5D3B148DB}.Debug|Any CPU.Build.0 = Debug|Any CPU
		{48A30850-1ECE-40AB-A185-F1F5D3B148DB}.Release|Any CPU.ActiveCfg = Release|Any CPU
		{48A30850-1ECE-40AB-A185-F1F5D3B148DB}.Release|Any CPU.Build.0 = Release|Any CPU
		{D867A138-3190-468A-9C32-FF17003239BA}.Debug|Any CPU.ActiveCfg = Debug|Any CPU
		{D867A138-3190-468A-9C32-FF17003239BA}.Debug|Any CPU.Build.0 = Debug|Any CPU
		{D867A138-3190-468A-9C32-FF17003239BA}.Release|Any CPU.ActiveCfg = Release|Any CPU
		{D867A138-3190-468A-9C32-FF17003239BA}.Release|Any CPU.Build.0 = Release|Any CPU
		{A921BECF-3FE2-45C6-A271-05C6130B2B32}.Debug|Any CPU.ActiveCfg = Debug|Any CPU
		{A921BECF-3FE2-45C6-A271-05C6130B2B32}.Debug|Any CPU.Build.0 = Debug|Any CPU
		{A921BECF-3FE2-45C6-A271-05C6130B2B32}.Release|Any CPU.ActiveCfg = Release|Any CPU
		{A921BECF-3FE2-45C6-A271-05C6130B2B32}.Release|Any CPU.Build.0 = Release|Any CPU
		{6FEBC1A1-C5B9-4F4E-802F-2563A8EB1635}.Debug|Any CPU.ActiveCfg = Debug|Any CPU
		{6FEBC1A1-C5B9-4F4E-802F-2563A8EB1635}.Debug|Any CPU.Build.0 = Debug|Any CPU
		{6FEBC1A1-C5B9-4F4E-802F-2563A8EB1635}.Release|Any CPU.ActiveCfg = Release|Any CPU
		{6FEBC1A1-C5B9-4F4E-802F-2563A8EB1635}.Release|Any CPU.Build.0 = Release|Any CPU
	EndGlobalSection
	GlobalSection(SolutionProperties) = preSolution
		HideSolutionNode = FALSE
	EndGlobalSection
	GlobalSection(NestedProjects) = preSolution
		{FDA29C45-FF35-4799-BD70-78088E01221A} = {B3989AC9-5E09-4661-BC02-1EBC893D4496}
		{ACC94553-11F6-4CA9-BC68-AAEA6C7DAB33} = {B3989AC9-5E09-4661-BC02-1EBC893D4496}
		{B2BB9671-0217-48BC-A1BB-41B33B08C739} = {B3989AC9-5E09-4661-BC02-1EBC893D4496}
		{7CEE2C78-12FB-4CDA-9D97-434F49B1A3F7} = {B3989AC9-5E09-4661-BC02-1EBC893D4496}
		{0A664C79-FD57-4FCF-9586-4671BB80D8C3} = {E544D203-6B44-44A2-9743-451E8F18F53D}
		{48A30850-1ECE-40AB-A185-F1F5D3B148DB} = {B3989AC9-5E09-4661-BC02-1EBC893D4496}
		{D867A138-3190-468A-9C32-FF17003239BA} = {B3989AC9-5E09-4661-BC02-1EBC893D4496}
		{A921BECF-3FE2-45C6-A271-05C6130B2B32} = {B3989AC9-5E09-4661-BC02-1EBC893D4496}
		{6FEBC1A1-C5B9-4F4E-802F-2563A8EB1635} = {B3989AC9-5E09-4661-BC02-1EBC893D4496}
	EndGlobalSection
	GlobalSection(ExtensibilityGlobals) = postSolution
		SolutionGuid = {CC08D797-1EE0-48B2-BED4-16BC5F82882F}
	EndGlobalSection
EndGlobal
